// !$*UTF8*$!
{
	archiveVersion = 1;
	classes = {
	};
	objectVersion = 55;
	objects = {

/* Begin PBXBuildFile section */
		9E391173284F4CAB0073DD9A /* TCA_CounterApp.swift in Sources */ = {isa = PBXBuildFile; fileRef = 9E391172284F4CAB0073DD9A /* TCA_CounterApp.swift */; };
		9E391177284F4CAC0073DD9A /* Assets.xcassets in Resources */ = {isa = PBXBuildFile; fileRef = 9E391176284F4CAC0073DD9A /* Assets.xcassets */; };
		9E39117A284F4CAC0073DD9A /* Preview Assets.xcassets in Resources */ = {isa = PBXBuildFile; fileRef = 9E391179284F4CAC0073DD9A /* Preview Assets.xcassets */; };
		9E391184284F4D150073DD9A /* ComposableArchitecture in Frameworks */ = {isa = PBXBuildFile; productRef = 9E391183284F4D150073DD9A /* ComposableArchitecture */; };
		9E39118C284F4D340073DD9A /* TCA_CounterTests.swift in Sources */ = {isa = PBXBuildFile; fileRef = 9E39118B284F4D340073DD9A /* TCA_CounterTests.swift */; };
		9E391194284F4D470073DD9A /* SnapshotTesting in Frameworks */ = {isa = PBXBuildFile; productRef = 9E391193284F4D470073DD9A /* SnapshotTesting */; };
		9E39119E284F4EE40073DD9A /* CounterStore.swift in Sources */ = {isa = PBXBuildFile; fileRef = 9E39119C284F4EE40073DD9A /* CounterStore.swift */; };
		9E39119F284F4EE40073DD9A /* CounterView.swift in Sources */ = {isa = PBXBuildFile; fileRef = 9E39119D284F4EE40073DD9A /* CounterView.swift */; };
		9E3911A3284F4F9B0073DD9A /* CounterSnapshotTests.swift in Sources */ = {isa = PBXBuildFile; fileRef = 9E3911A2284F4F9B0073DD9A /* CounterSnapshotTests.swift */; };
/* End PBXBuildFile section */

/* Begin PBXContainerItemProxy section */
		9E39118D284F4D340073DD9A /* PBXContainerItemProxy */ = {
			isa = PBXContainerItemProxy;
			containerPortal = 9E391167284F4CAB0073DD9A /* Project object */;
			proxyType = 1;
			remoteGlobalIDString = 9E39116E284F4CAB0073DD9A;
			remoteInfo = TCA_Counter;
		};
/* End PBXContainerItemProxy section */

/* Begin PBXFileReference section */
		9E39116F284F4CAB0073DD9A /* TCA_Counter.app */ = {isa = PBXFileReference; explicitFileType = wrapper.application; includeInIndex = 0; path = TCA_Counter.app; sourceTree = BUILT_PRODUCTS_DIR; };
		9E391172284F4CAB0073DD9A /* TCA_CounterApp.swift */ = {isa = PBXFileReference; lastKnownFileType = sourcecode.swift; path = TCA_CounterApp.swift; sourceTree = "<group>"; };
		9E391176284F4CAC0073DD9A /* Assets.xcassets */ = {isa = PBXFileReference; lastKnownFileType = folder.assetcatalog; path = Assets.xcassets; sourceTree = "<group>"; };
		9E391179284F4CAC0073DD9A /* Preview Assets.xcassets */ = {isa = PBXFileReference; lastKnownFileType = folder.assetcatalog; path = "Preview Assets.xcassets"; sourceTree = "<group>"; };
		9E391189284F4D340073DD9A /* TCA_CounterTests.xctest */ = {isa = PBXFileReference; explicitFileType = wrapper.cfbundle; includeInIndex = 0; path = TCA_CounterTests.xctest; sourceTree = BUILT_PRODUCTS_DIR; };
		9E39118B284F4D340073DD9A /* TCA_CounterTests.swift */ = {isa = PBXFileReference; lastKnownFileType = sourcecode.swift; path = TCA_CounterTests.swift; sourceTree = "<group>"; };
		9E39119C284F4EE40073DD9A /* CounterStore.swift */ = {isa = PBXFileReference; fileEncoding = 4; lastKnownFileType = sourcecode.swift; path = CounterStore.swift; sourceTree = "<group>"; };
		9E39119D284F4EE40073DD9A /* CounterView.swift */ = {isa = PBXFileReference; fileEncoding = 4; lastKnownFileType = sourcecode.swift; path = CounterView.swift; sourceTree = "<group>"; };
		9E3911A2284F4F9B0073DD9A /* CounterSnapshotTests.swift */ = {isa = PBXFileReference; lastKnownFileType = sourcecode.swift; path = CounterSnapshotTests.swift; sourceTree = "<group>"; };
/* End PBXFileReference section */

/* Begin PBXFrameworksBuildPhase section */
		9E39116C284F4CAB0073DD9A /* Frameworks */ = {
			isa = PBXFrameworksBuildPhase;
			buildActionMask = 2147483647;
			files = (
				9E391184284F4D150073DD9A /* ComposableArchitecture in Frameworks */,
			);
			runOnlyForDeploymentPostprocessing = 0;
		};
		9E391186284F4D340073DD9A /* Frameworks */ = {
			isa = PBXFrameworksBuildPhase;
			buildActionMask = 2147483647;
			files = (
				9E391194284F4D470073DD9A /* SnapshotTesting in Frameworks */,
			);
			runOnlyForDeploymentPostprocessing = 0;
		};
/* End PBXFrameworksBuildPhase section */

/* Begin PBXGroup section */
		9E391166284F4CAB0073DD9A = {
			isa = PBXGroup;
			children = (
				9E391171284F4CAB0073DD9A /* TCA_Counter */,
				9E39118A284F4D340073DD9A /* TCA_CounterTests */,
				9E391170284F4CAB0073DD9A /* Products */,
			);
			sourceTree = "<group>";
		};
		9E391170284F4CAB0073DD9A /* Products */ = {
			isa = PBXGroup;
			children = (
				9E39116F284F4CAB0073DD9A /* TCA_Counter.app */,
				9E391189284F4D340073DD9A /* TCA_CounterTests.xctest */,
			);
			name = Products;
			sourceTree = "<group>";
		};
		9E391171284F4CAB0073DD9A /* TCA_Counter */ = {
			isa = PBXGroup;
			children = (
				9E391196284F4E990073DD9A /* Counter */,
				9E391172284F4CAB0073DD9A /* TCA_CounterApp.swift */,
				9E391176284F4CAC0073DD9A /* Assets.xcassets */,
				9E391178284F4CAC0073DD9A /* Preview Content */,
			);
			path = TCA_Counter;
			sourceTree = "<group>";
		};
		9E391178284F4CAC0073DD9A /* Preview Content */ = {
			isa = PBXGroup;
			children = (
				9E391179284F4CAC0073DD9A /* Preview Assets.xcassets */,
			);
			path = "Preview Content";
			sourceTree = "<group>";
		};
		9E39118A284F4D340073DD9A /* TCA_CounterTests */ = {
			isa = PBXGroup;
			children = (
				9E3911A0284F4F7E0073DD9A /* SnapshotTests */,
				9E39118B284F4D340073DD9A /* TCA_CounterTests.swift */,
			);
			path = TCA_CounterTests;
			sourceTree = "<group>";
		};
		9E391196284F4E990073DD9A /* Counter */ = {
			isa = PBXGroup;
			children = (
				9E39119C284F4EE40073DD9A /* CounterStore.swift */,
				9E39119D284F4EE40073DD9A /* CounterView.swift */,
			);
			path = Counter;
			sourceTree = "<group>";
		};
		9E3911A0284F4F7E0073DD9A /* SnapshotTests */ = {
			isa = PBXGroup;
			children = (
				9E3911A1284F4F880073DD9A /* CounterSnapshotTests */,
			);
			path = SnapshotTests;
			sourceTree = "<group>";
		};
		9E3911A1284F4F880073DD9A /* CounterSnapshotTests */ = {
			isa = PBXGroup;
			children = (
				9E3911A2284F4F9B0073DD9A /* CounterSnapshotTests.swift */,
			);
			path = CounterSnapshotTests;
			sourceTree = "<group>";
		};
/* End PBXGroup section */

/* Begin PBXNativeTarget section */
		9E39116E284F4CAB0073DD9A /* TCA_Counter */ = {
			isa = PBXNativeTarget;
			buildConfigurationList = 9E39117D284F4CAC0073DD9A /* Build configuration list for PBXNativeTarget "TCA_Counter" */;
			buildPhases = (
				9E39116B284F4CAB0073DD9A /* Sources */,
				9E39116C284F4CAB0073DD9A /* Frameworks */,
				9E39116D284F4CAB0073DD9A /* Resources */,
			);
			buildRules = (
			);
			dependencies = (
			);
			name = TCA_Counter;
			packageProductDependencies = (
				9E391183284F4D150073DD9A /* ComposableArchitecture */,
			);
			productName = TCA_Counter;
			productReference = 9E39116F284F4CAB0073DD9A /* TCA_Counter.app */;
			productType = "com.apple.product-type.application";
		};
		9E391188284F4D340073DD9A /* TCA_CounterTests */ = {
			isa = PBXNativeTarget;
			buildConfigurationList = 9E39118F284F4D340073DD9A /* Build configuration list for PBXNativeTarget "TCA_CounterTests" */;
			buildPhases = (
				9E391185284F4D340073DD9A /* Sources */,
				9E391186284F4D340073DD9A /* Frameworks */,
				9E391187284F4D340073DD9A /* Resources */,
			);
			buildRules = (
			);
			dependencies = (
				9E39118E284F4D340073DD9A /* PBXTargetDependency */,
			);
			name = TCA_CounterTests;
			packageProductDependencies = (
				9E391193284F4D470073DD9A /* SnapshotTesting */,
			);
			productName = TCA_CounterTests;
			productReference = 9E391189284F4D340073DD9A /* TCA_CounterTests.xctest */;
			productType = "com.apple.product-type.bundle.unit-test";
		};
/* End PBXNativeTarget section */

/* Begin PBXProject section */
		9E391167284F4CAB0073DD9A /* Project object */ = {
			isa = PBXProject;
			attributes = {
				BuildIndependentTargetsInParallel = 1;
				LastSwiftUpdateCheck = 1330;
				LastUpgradeCheck = 1330;
				TargetAttributes = {
					9E39116E284F4CAB0073DD9A = {
						CreatedOnToolsVersion = 13.3.1;
					};
					9E391188284F4D340073DD9A = {
						CreatedOnToolsVersion = 13.3.1;
						TestTargetID = 9E39116E284F4CAB0073DD9A;
					};
				};
			};
			buildConfigurationList = 9E39116A284F4CAB0073DD9A /* Build configuration list for PBXProject "TCA_Counter" */;
			compatibilityVersion = "Xcode 13.0";
			developmentRegion = en;
			hasScannedForEncodings = 0;
			knownRegions = (
				en,
				Base,
			);
			mainGroup = 9E391166284F4CAB0073DD9A;
			packageReferences = (
				9E391182284F4D150073DD9A /* XCRemoteSwiftPackageReference "swift-composable-architecture" */,
				9E391192284F4D470073DD9A /* XCRemoteSwiftPackageReference "swift-snapshot-testing" */,
			);
			productRefGroup = 9E391170284F4CAB0073DD9A /* Products */;
			projectDirPath = "";
			projectRoot = "";
			targets = (
				9E39116E284F4CAB0073DD9A /* TCA_Counter */,
				9E391188284F4D340073DD9A /* TCA_CounterTests */,
			);
		};
/* End PBXProject section */

/* Begin PBXResourcesBuildPhase section */
		9E39116D284F4CAB0073DD9A /* Resources */ = {
			isa = PBXResourcesBuildPhase;
			buildActionMask = 2147483647;
			files = (
				9E39117A284F4CAC0073DD9A /* Preview Assets.xcassets in Resources */,
				9E391177284F4CAC0073DD9A /* Assets.xcassets in Resources */,
			);
			runOnlyForDeploymentPostprocessing = 0;
		};
		9E391187284F4D340073DD9A /* Resources */ = {
			isa = PBXResourcesBuildPhase;
			buildActionMask = 2147483647;
			files = (
			);
			runOnlyForDeploymentPostprocessing = 0;
		};
/* End PBXResourcesBuildPhase section */

/* Begin PBXSourcesBuildPhase section */
		9E39116B284F4CAB0073DD9A /* Sources */ = {
			isa = PBXSourcesBuildPhase;
			buildActionMask = 2147483647;
			files = (
				9E39119E284F4EE40073DD9A /* CounterStore.swift in Sources */,
				9E391173284F4CAB0073DD9A /* TCA_CounterApp.swift in Sources */,
				9E39119F284F4EE40073DD9A /* CounterView.swift in Sources */,
			);
			runOnlyForDeploymentPostprocessing = 0;
		};
		9E391185284F4D340073DD9A /* Sources */ = {
			isa = PBXSourcesBuildPhase;
			buildActionMask = 2147483647;
			files = (
				9E3911A3284F4F9B0073DD9A /* CounterSnapshotTests.swift in Sources */,
				9E39118C284F4D340073DD9A /* TCA_CounterTests.swift in Sources */,
			);
			runOnlyForDeploymentPostprocessing = 0;
		};
/* End PBXSourcesBuildPhase section */

/* Begin PBXTargetDependency section */
		9E39118E284F4D340073DD9A /* PBXTargetDependency */ = {
			isa = PBXTargetDependency;
			target = 9E39116E284F4CAB0073DD9A /* TCA_Counter */;
			targetProxy = 9E39118D284F4D340073DD9A /* PBXContainerItemProxy */;
		};
/* End PBXTargetDependency section */

/* Begin XCBuildConfiguration section */
		9E39117B284F4CAC0073DD9A /* Debug */ = {
			isa = XCBuildConfiguration;
			buildSettings = {
				ALWAYS_SEARCH_USER_PATHS = NO;
				CLANG_ANALYZER_NONNULL = YES;
				CLANG_ANALYZER_NUMBER_OBJECT_CONVERSION = YES_AGGRESSIVE;
				CLANG_CXX_LANGUAGE_STANDARD = "gnu++17";
				CLANG_ENABLE_MODULES = YES;
				CLANG_ENABLE_OBJC_ARC = YES;
				CLANG_ENABLE_OBJC_WEAK = YES;
				CLANG_WARN_BLOCK_CAPTURE_AUTORELEASING = YES;
				CLANG_WARN_BOOL_CONVERSION = YES;
				CLANG_WARN_COMMA = YES;
				CLANG_WARN_CONSTANT_CONVERSION = YES;
				CLANG_WARN_DEPRECATED_OBJC_IMPLEMENTATIONS = YES;
				CLANG_WARN_DIRECT_OBJC_ISA_USAGE = YES_ERROR;
				CLANG_WARN_DOCUMENTATION_COMMENTS = YES;
				CLANG_WARN_EMPTY_BODY = YES;
				CLANG_WARN_ENUM_CONVERSION = YES;
				CLANG_WARN_INFINITE_RECURSION = YES;
				CLANG_WARN_INT_CONVERSION = YES;
				CLANG_WARN_NON_LITERAL_NULL_CONVERSION = YES;
				CLANG_WARN_OBJC_IMPLICIT_RETAIN_SELF = YES;
				CLANG_WARN_OBJC_LITERAL_CONVERSION = YES;
				CLANG_WARN_OBJC_ROOT_CLASS = YES_ERROR;
				CLANG_WARN_QUOTED_INCLUDE_IN_FRAMEWORK_HEADER = YES;
				CLANG_WARN_RANGE_LOOP_ANALYSIS = YES;
				CLANG_WARN_STRICT_PROTOTYPES = YES;
				CLANG_WARN_SUSPICIOUS_MOVE = YES;
				CLANG_WARN_UNGUARDED_AVAILABILITY = YES_AGGRESSIVE;
				CLANG_WARN_UNREACHABLE_CODE = YES;
				CLANG_WARN__DUPLICATE_METHOD_MATCH = YES;
				COPY_PHASE_STRIP = NO;
				DEBUG_INFORMATION_FORMAT = dwarf;
				ENABLE_STRICT_OBJC_MSGSEND = YES;
				ENABLE_TESTABILITY = YES;
				GCC_C_LANGUAGE_STANDARD = gnu11;
				GCC_DYNAMIC_NO_PIC = NO;
				GCC_NO_COMMON_BLOCKS = YES;
				GCC_OPTIMIZATION_LEVEL = 0;
				GCC_PREPROCESSOR_DEFINITIONS = (
					"DEBUG=1",
					"$(inherited)",
				);
				GCC_WARN_64_TO_32_BIT_CONVERSION = YES;
				GCC_WARN_ABOUT_RETURN_TYPE = YES_ERROR;
				GCC_WARN_UNDECLARED_SELECTOR = YES;
				GCC_WARN_UNINITIALIZED_AUTOS = YES_AGGRESSIVE;
				GCC_WARN_UNUSED_FUNCTION = YES;
				GCC_WARN_UNUSED_VARIABLE = YES;
				IPHONEOS_DEPLOYMENT_TARGET = 15.4;
				MTL_ENABLE_DEBUG_INFO = INCLUDE_SOURCE;
				MTL_FAST_MATH = YES;
				ONLY_ACTIVE_ARCH = YES;
				SDKROOT = iphoneos;
				SWIFT_ACTIVE_COMPILATION_CONDITIONS = DEBUG;
				SWIFT_OPTIMIZATION_LEVEL = "-Onone";
			};
			name = Debug;
		};
		9E39117C284F4CAC0073DD9A /* Release */ = {
			isa = XCBuildConfiguration;
			buildSettings = {
				ALWAYS_SEARCH_USER_PATHS = NO;
				CLANG_ANALYZER_NONNULL = YES;
				CLANG_ANALYZER_NUMBER_OBJECT_CONVERSION = YES_AGGRESSIVE;
				CLANG_CXX_LANGUAGE_STANDARD = "gnu++17";
				CLANG_ENABLE_MODULES = YES;
				CLANG_ENABLE_OBJC_ARC = YES;
				CLANG_ENABLE_OBJC_WEAK = YES;
				CLANG_WARN_BLOCK_CAPTURE_AUTORELEASING = YES;
				CLANG_WARN_BOOL_CONVERSION = YES;
				CLANG_WARN_COMMA = YES;
				CLANG_WARN_CONSTANT_CONVERSION = YES;
				CLANG_WARN_DEPRECATED_OBJC_IMPLEMENTATIONS = YES;
				CLANG_WARN_DIRECT_OBJC_ISA_USAGE = YES_ERROR;
				CLANG_WARN_DOCUMENTATION_COMMENTS = YES;
				CLANG_WARN_EMPTY_BODY = YES;
				CLANG_WARN_ENUM_CONVERSION = YES;
				CLANG_WARN_INFINITE_RECURSION = YES;
				CLANG_WARN_INT_CONVERSION = YES;
				CLANG_WARN_NON_LITERAL_NULL_CONVERSION = YES;
				CLANG_WARN_OBJC_IMPLICIT_RETAIN_SELF = YES;
				CLANG_WARN_OBJC_LITERAL_CONVERSION = YES;
				CLANG_WARN_OBJC_ROOT_CLASS = YES_ERROR;
				CLANG_WARN_QUOTED_INCLUDE_IN_FRAMEWORK_HEADER = YES;
				CLANG_WARN_RANGE_LOOP_ANALYSIS = YES;
				CLANG_WARN_STRICT_PROTOTYPES = YES;
				CLANG_WARN_SUSPICIOUS_MOVE = YES;
				CLANG_WARN_UNGUARDED_AVAILABILITY = YES_AGGRESSIVE;
				CLANG_WARN_UNREACHABLE_CODE = YES;
				CLANG_WARN__DUPLICATE_METHOD_MATCH = YES;
				COPY_PHASE_STRIP = NO;
				DEBUG_INFORMATION_FORMAT = "dwarf-with-dsym";
				ENABLE_NS_ASSERTIONS = NO;
				ENABLE_STRICT_OBJC_MSGSEND = YES;
				GCC_C_LANGUAGE_STANDARD = gnu11;
				GCC_NO_COMMON_BLOCKS = YES;
				GCC_WARN_64_TO_32_BIT_CONVERSION = YES;
				GCC_WARN_ABOUT_RETURN_TYPE = YES_ERROR;
				GCC_WARN_UNDECLARED_SELECTOR = YES;
				GCC_WARN_UNINITIALIZED_AUTOS = YES_AGGRESSIVE;
				GCC_WARN_UNUSED_FUNCTION = YES;
				GCC_WARN_UNUSED_VARIABLE = YES;
				IPHONEOS_DEPLOYMENT_TARGET = 15.4;
				MTL_ENABLE_DEBUG_INFO = NO;
				MTL_FAST_MATH = YES;
				SDKROOT = iphoneos;
				SWIFT_COMPILATION_MODE = wholemodule;
				SWIFT_OPTIMIZATION_LEVEL = "-O";
				VALIDATE_PRODUCT = YES;
			};
			name = Release;
		};
		9E39117E284F4CAC0073DD9A /* Debug */ = {
			isa = XCBuildConfiguration;
			buildSettings = {
				ASSETCATALOG_COMPILER_APPICON_NAME = AppIcon;
				ASSETCATALOG_COMPILER_GLOBAL_ACCENT_COLOR_NAME = AccentColor;
				CODE_SIGN_STYLE = Automatic;
				CURRENT_PROJECT_VERSION = 1;
				DEVELOPMENT_ASSET_PATHS = "\"TCA_Counter/Preview Content\"";
				DEVELOPMENT_TEAM = W5KABFU8SV;
				ENABLE_PREVIEWS = YES;
				GENERATE_INFOPLIST_FILE = YES;
				INFOPLIST_KEY_UIApplicationSceneManifest_Generation = YES;
				INFOPLIST_KEY_UIApplicationSupportsIndirectInputEvents = YES;
				INFOPLIST_KEY_UILaunchScreen_Generation = YES;
				INFOPLIST_KEY_UISupportedInterfaceOrientations_iPad = "UIInterfaceOrientationPortrait UIInterfaceOrientationPortraitUpsideDown UIInterfaceOrientationLandscapeLeft UIInterfaceOrientationLandscapeRight";
				INFOPLIST_KEY_UISupportedInterfaceOrientations_iPhone = "UIInterfaceOrientationPortrait UIInterfaceOrientationLandscapeLeft UIInterfaceOrientationLandscapeRight";
				LD_RUNPATH_SEARCH_PATHS = (
					"$(inherited)",
					"@executable_path/Frameworks",
				);
				MARKETING_VERSION = 1.0;
				PRODUCT_BUNDLE_IDENTIFIER = "com.lukaskorba.TCA-Counter";
				PRODUCT_NAME = "$(TARGET_NAME)";
				SWIFT_EMIT_LOC_STRINGS = YES;
				SWIFT_VERSION = 5.0;
				TARGETED_DEVICE_FAMILY = "1,2";
			};
			name = Debug;
		};
		9E39117F284F4CAC0073DD9A /* Release */ = {
			isa = XCBuildConfiguration;
			buildSettings = {
				ASSETCATALOG_COMPILER_APPICON_NAME = AppIcon;
				ASSETCATALOG_COMPILER_GLOBAL_ACCENT_COLOR_NAME = AccentColor;
				CODE_SIGN_STYLE = Automatic;
				CURRENT_PROJECT_VERSION = 1;
				DEVELOPMENT_ASSET_PATHS = "\"TCA_Counter/Preview Content\"";
				DEVELOPMENT_TEAM = W5KABFU8SV;
				ENABLE_PREVIEWS = YES;
				GENERATE_INFOPLIST_FILE = YES;
				INFOPLIST_KEY_UIApplicationSceneManifest_Generation = YES;
				INFOPLIST_KEY_UIApplicationSupportsIndirectInputEvents = YES;
				INFOPLIST_KEY_UILaunchScreen_Generation = YES;
				INFOPLIST_KEY_UISupportedInterfaceOrientations_iPad = "UIInterfaceOrientationPortrait UIInterfaceOrientationPortraitUpsideDown UIInterfaceOrientationLandscapeLeft UIInterfaceOrientationLandscapeRight";
				INFOPLIST_KEY_UISupportedInterfaceOrientations_iPhone = "UIInterfaceOrientationPortrait UIInterfaceOrientationLandscapeLeft UIInterfaceOrientationLandscapeRight";
				LD_RUNPATH_SEARCH_PATHS = (
					"$(inherited)",
					"@executable_path/Frameworks",
				);
				MARKETING_VERSION = 1.0;
				PRODUCT_BUNDLE_IDENTIFIER = "com.lukaskorba.TCA-Counter";
				PRODUCT_NAME = "$(TARGET_NAME)";
				SWIFT_EMIT_LOC_STRINGS = YES;
				SWIFT_VERSION = 5.0;
				TARGETED_DEVICE_FAMILY = "1,2";
			};
			name = Release;
		};
		9E391190284F4D340073DD9A /* Debug */ = {
			isa = XCBuildConfiguration;
			buildSettings = {
				BUNDLE_LOADER = "$(TEST_HOST)";
				CODE_SIGN_STYLE = Automatic;
				CURRENT_PROJECT_VERSION = 1;
				DEVELOPMENT_TEAM = W5KABFU8SV;
				GENERATE_INFOPLIST_FILE = YES;
				MARKETING_VERSION = 1.0;
				PRODUCT_BUNDLE_IDENTIFIER = "com.lukaskorba.TCA-CounterTests";
				PRODUCT_NAME = "$(TARGET_NAME)";
				SWIFT_EMIT_LOC_STRINGS = NO;
				SWIFT_VERSION = 5.0;
				TARGETED_DEVICE_FAMILY = "1,2";
				TEST_HOST = "$(BUILT_PRODUCTS_DIR)/TCA_Counter.app/TCA_Counter";
			};
			name = Debug;
		};
		9E391191284F4D340073DD9A /* Release */ = {
			isa = XCBuildConfiguration;
			buildSettings = {
				BUNDLE_LOADER = "$(TEST_HOST)";
				CODE_SIGN_STYLE = Automatic;
				CURRENT_PROJECT_VERSION = 1;
				DEVELOPMENT_TEAM = W5KABFU8SV;
				GENERATE_INFOPLIST_FILE = YES;
				MARKETING_VERSION = 1.0;
				PRODUCT_BUNDLE_IDENTIFIER = "com.lukaskorba.TCA-CounterTests";
				PRODUCT_NAME = "$(TARGET_NAME)";
				SWIFT_EMIT_LOC_STRINGS = NO;
				SWIFT_VERSION = 5.0;
				TARGETED_DEVICE_FAMILY = "1,2";
				TEST_HOST = "$(BUILT_PRODUCTS_DIR)/TCA_Counter.app/TCA_Counter";
			};
			name = Release;
		};
/* End XCBuildConfiguration section */

/* Begin XCConfigurationList section */
		9E39116A284F4CAB0073DD9A /* Build configuration list for PBXProject "TCA_Counter" */ = {
			isa = XCConfigurationList;
			buildConfigurations = (
				9E39117B284F4CAC0073DD9A /* Debug */,
				9E39117C284F4CAC0073DD9A /* Release */,
			);
			defaultConfigurationIsVisible = 0;
			defaultConfigurationName = Release;
		};
		9E39117D284F4CAC0073DD9A /* Build configuration list for PBXNativeTarget "TCA_Counter" */ = {
			isa = XCConfigurationList;
			buildConfigurations = (
				9E39117E284F4CAC0073DD9A /* Debug */,
				9E39117F284F4CAC0073DD9A /* Release */,
			);
			defaultConfigurationIsVisible = 0;
			defaultConfigurationName = Release;
		};
		9E39118F284F4D340073DD9A /* Build configuration list for PBXNativeTarget "TCA_CounterTests" */ = {
			isa = XCConfigurationList;
			buildConfigurations = (
				9E391190284F4D340073DD9A /* Debug */,
				9E391191284F4D340073DD9A /* Release */,
			);
			defaultConfigurationIsVisible = 0;
			defaultConfigurationName = Release;
		};
/* End XCConfigurationList section */

/* Begin XCRemoteSwiftPackageReference section */
		9E391182284F4D150073DD9A /* XCRemoteSwiftPackageReference "swift-composable-architecture" */ = {
			isa = XCRemoteSwiftPackageReference;
			repositoryURL = "https://github.com/pointfreeco/swift-composable-architecture";
			requirement = {
				branch = main;
				kind = branch;
			};
		};
		9E391192284F4D470073DD9A /* XCRemoteSwiftPackageReference "swift-snapshot-testing" */ = {
			isa = XCRemoteSwiftPackageReference;
			repositoryURL = "https://github.com/pointfreeco/swift-snapshot-testing";
			requirement = {
				kind = upToNextMajorVersion;
				minimumVersion = 1.0.0;
			};
		};
/* End XCRemoteSwiftPackageReference section */

/* Begin XCSwiftPackageProductDependency section */
		9E391183284F4D150073DD9A /* ComposableArchitecture */ = {
			isa = XCSwiftPackageProductDependency;
			package = 9E391182284F4D150073DD9A /* XCRemoteSwiftPackageReference "swift-composable-architecture" */;
			productName = ComposableArchitecture;
		};
		9E391193284F4D470073DD9A /* SnapshotTesting */ = {
			isa = XCSwiftPackageProductDependency;
			package = 9E391192284F4D470073DD9A /* XCRemoteSwiftPackageReference "swift-snapshot-testing" */;
			productName = SnapshotTesting;
		};
/* End XCSwiftPackageProductDependency section */
	};
	rootObject = 9E391167284F4CAB0073DD9A /* Project object */;
}
